
Microsoft Visual Studio Solution File, Format Version 12.00
# Visual Studio Version 17
VisualStudioVersion = 17.1.32421.90
MinimumVisualStudioVersion = 10.0.40219.1
Project("{9A19103F-16F7-4668-BE54-9A1E7A4F7556}") = "Pinax.Engine", "Pinax.Engine\Pinax.Engine.csproj", "{69AD7A93-9723-4C68-9E8B-EB668ABAAC57}"
EndProject
Project("{9A19103F-16F7-4668-BE54-9A1E7A4F7556}") = "Test.Pinax.Engine", "Test.Pinax.Engine\Test.Pinax.Engine.csproj", "{B765F881-2038-4DE6-A108-7BDC72612E2E}"
EndProject
Project("{9A19103F-16F7-4668-BE54-9A1E7A4F7556}") = "Pinax.Console", "Pinax.Console\Pinax.Console.csproj", "{6EE611B1-EF49-489A-AB5C-AF5166A3FE4B}"
EndProject
Project("{9A19103F-16F7-4668-BE54-9A1E7A4F7556}") = "Pinax.UI", "Pinax.UI\Pinax.UI.csproj", "{130E5BB5-3A94-45E6-8AD8-ED1E5D60E18E}"
EndProject
Project("{2150E333-8FDC-42A3-9474-1A3956D46DE8}") = "Documentation", "Documentation", "{9A1A3F05-5BD4-43BB-A62D-8ABB4298E0C2}"
	ProjectSection(SolutionItems) = preProject
		Documentation\ReleaseNotes.txt = Documentation\ReleaseNotes.txt
	EndProjectSection
EndProject
Global
	GlobalSection(SolutionConfigurationPlatforms) = preSolution
		Debug|Any CPU = Debug|Any CPU
		Release|Any CPU = Release|Any CPU
	EndGlobalSection
	GlobalSection(ProjectConfigurationPlatforms) = postSolution
		{69AD7A93-9723-4C68-9E8B-EB668ABAAC57}.Debug|Any CPU.ActiveCfg = Debug|Any CPU
		{69AD7A93-9723-4C68-9E8B-EB668ABAAC57}.Debug|Any CPU.Build.0 = Debug|Any CPU
		{69AD7A93-9723-4C68-9E8B-EB668ABAAC57}.Release|Any CPU.ActiveCfg = Release|Any CPU
		{69AD7A93-9723-4C68-9E8B-EB668ABAAC57}.Release|Any CPU.Build.0 = Release|Any CPU
		{B765F881-2038-4DE6-A108-7BDC72612E2E}.Debug|Any CPU.ActiveCfg = Debug|Any CPU
		{B765F881-2038-4DE6-A108-7BDC72612E2E}.Debug|Any CPU.Build.0 = Debug|Any CPU
		{B765F881-2038-4DE6-A108-7BDC72612E2E}.Release|Any CPU.ActiveCfg = Release|Any CPU
		{B765F881-2038-4DE6-A108-7BDC72612E2E}.Release|Any CPU.Build.0 = Release|Any CPU
		{6EE611B1-EF49-489A-AB5C-AF5166A3FE4B}.Debug|Any CPU.ActiveCfg = Debug|Any CPU
		{6EE611B1-EF49-489A-AB5C-AF5166A3FE4B}.Debug|Any CPU.Build.0 = Debug|Any CPU
		{6EE611B1-EF49-489A-AB5C-AF5166A3FE4B}.Release|Any CPU.ActiveCfg = Release|Any CPU
		{6EE611B1-EF49-489A-AB5C-AF5166A3FE4B}.Release|Any CPU.Build.0 = Release|Any CPU
		{130E5BB5-3A94-45E6-8AD8-ED1E5D60E18E}.Debug|Any CPU.ActiveCfg = Debug|Any CPU
		{130E5BB5-3A94-45E6-8AD8-ED1E5D60E18E}.Debug|Any CPU.Build.0 = Debug|Any CPU
		{130E5BB5-3A94-45E6-8AD8-ED1E5D60E18E}.Release|Any CPU.ActiveCfg = Release|Any CPU
		{130E5BB5-3A94-45E6-8AD8-ED1E5D60E18E}.Release|Any CPU.Build.0 = Release|Any CPU
	EndGlobalSection
	GlobalSection(SolutionProperties) = preSolution
		HideSolutionNode = FALSE
	EndGlobalSection
	GlobalSection(ExtensibilityGlobals) = postSolution
		SolutionGuid = {620A7CBD-8D19-4AD8-99A8-B595F637B843}
	EndGlobalSection
EndGlobal
